
Microsoft Visual Studio Solution File, Format Version 12.00
# Visual Studio Version 16
VisualStudioVersion = 16.0.32106.194
MinimumVisualStudioVersion = 10.0.40219.1
Project("{FAE04EC0-301F-11D3-BF4B-00C04F79EFBC}") = "GY_WarSimulator", "GY_WarSimulator\GY_WarSimulator.csproj", "{0DAB0987-857B-45A6-8D5D-87D4E7196A79}"
EndProject
Global
	GlobalSection(SolutionConfigurationPlatforms) = preSolution
		Debug|Any CPU = Debug|Any CPU
		Release|Any CPU = Release|Any CPU
	EndGlobalSection
	GlobalSection(ProjectConfigurationPlatforms) = postSolution
		{0DAB0987-857B-45A6-8D5D-87D4E7196A79}.Debug|Any CPU.ActiveCfg = Debug|Any CPU
		{0DAB0987-857B-45A6-8D5D-87D4E7196A79}.Debug|Any CPU.Build.0 = Debug|Any CPU
		{0DAB0987-857B-45A6-8D5D-87D4E7196A79}.Release|Any CPU.ActiveCfg = Release|Any CPU
		{0DAB0987-857B-45A6-8D5D-87D4E7196A79}.Release|Any CPU.Build.0 = Release|Any CPU
	EndGlobalSection
	GlobalSection(SolutionProperties) = preSolution
		HideSolutionNode = FALSE
	EndGlobalSection
	GlobalSection(ExtensibilityGlobals) = postSolution
		SolutionGuid = {7A0964C0-E876-4E24-B6B4-B7B96DCDA4B3}
	EndGlobalSection
EndGlobal
